{
  "version": 4,
  "terraform_version": "0.15.5",
  "serial": 89,
  "lineage": "3dc56b3c-9e77-2add-0e8c-cdc6a1e475a8",
  "outputs": {
    "Public_IP": {
      "value": "89.208.230.42",
      "type": "string"
    }
  },
  "resources": [
    {
      "mode": "managed",
      "type": "openstack_compute_floatingip_associate_v2",
      "name": "set_floating_ip",
      "provider": "provider[\"registry.terraform.io/terraform-provider-openstack/openstack\"]",
      "instances": [
        {
          "schema_version": 0,
          "attributes": {
            "fixed_ip": "",
            "floating_ip": "89.208.230.42",
            "id": "89.208.230.42/a414a908-f811-4292-a701-3a562068fb3a/",
            "instance_id": "a414a908-f811-4292-a701-3a562068fb3a",
            "region": "",
            "timeouts": null,
            "wait_until_associated": null
          },
          "sensitive_attributes": [],
          "private": "eyJlMmJmYjczMC1lY2FhLTExZTYtOGY4OC0zNDM2M2JjN2M0YzAiOnsiY3JlYXRlIjo2MDAwMDAwMDAwMDB9fQ==",
          "dependencies": [
            "openstack_compute_floatingip_v2.vm_floating_ip",
            "openstack_compute_instance_v2.web_test_vm",
            "openstack_compute_keypair_v2.web_test_key_kajken",
            "openstack_compute_secgroup_v2.http_icpm_allow",
            "openstack_networking_network_v2.web_test_network"
          ]
        }
      ]
    },
    {
      "mode": "managed",
      "type": "openstack_compute_floatingip_v2",
      "name": "vm_floating_ip",
      "provider": "provider[\"registry.terraform.io/terraform-provider-openstack/openstack\"]",
      "instances": [
        {
          "schema_version": 0,
          "attributes": {
            "address": "89.208.230.42",
            "fixed_ip": "",
            "id": "20e72351-4683-4170-8ee9-d66831456450",
            "instance_id": "",
            "pool": "ext-net",
            "region": ""
          },
          "sensitive_attributes": [],
          "private": "bnVsbA=="
        }
      ]
    },
    {
      "mode": "managed",
      "type": "openstack_compute_instance_v2",
      "name": "web_test_vm",
      "provider": "provider[\"registry.terraform.io/terraform-provider-openstack/openstack\"]",
      "instances": [
        {
          "schema_version": 0,
          "attributes": {
            "access_ip_v4": "10.154.1.24",
            "access_ip_v6": "",
            "admin_pass": null,
            "all_metadata": {},
            "all_tags": [],
            "availability_zone": "DP1",
            "availability_zone_hints": null,
            "block_device": [
              {
                "boot_index": 0,
                "delete_on_termination": true,
                "destination_type": "volume",
                "device_type": "",
                "disk_bus": "",
                "guest_format": "",
                "source_type": "image",
                "uuid": "4525415d-df00-4f32-a434-b8469953fe3e",
                "volume_size": 10,
                "volume_type": ""
              }
            ],
            "config_drive": null,
            "flavor_id": "df3c499a-044f-41d2-8612-d303adc613cc",
            "flavor_name": "Basic-1-1-10",
            "floating_ip": null,
            "force_delete": false,
            "id": "a414a908-f811-4292-a701-3a562068fb3a",
            "image_id": "Attempt to boot from volume - no image supplied",
            "image_name": "CentOS-7.7-202003",
            "key_pair": "web_test_key_kajken",
            "metadata": null,
            "name": "web_test_vm",
            "network": [
              {
                "access_network": false,
                "fixed_ip_v4": "10.154.1.24",
                "fixed_ip_v6": "",
                "floating_ip": "",
                "mac": "fa:16:3e:7d:ec:a1",
                "name": "web_test_network",
                "port": "",
                "uuid": "68202ab3-43d7-4d35-bebf-a88c5b86b81d"
              }
            ],
            "network_mode": null,
            "personality": [],
            "power_state": "active",
            "region": "",
            "scheduler_hints": [],
            "security_groups": [
              "http_icpm_allow"
            ],
            "stop_before_destroy": false,
            "tags": null,
            "timeouts": null,
            "user_data": "677ecd71616dc26a99be36bdbfd1e2b7bef8c515",
            "vendor_options": [],
            "volume": []
          },
          "sensitive_attributes": [],
          "private": "eyJlMmJmYjczMC1lY2FhLTExZTYtOGY4OC0zNDM2M2JjN2M0YzAiOnsiY3JlYXRlIjoxODAwMDAwMDAwMDAwLCJkZWxldGUiOjE4MDAwMDAwMDAwMDAsInVwZGF0ZSI6MTgwMDAwMDAwMDAwMH19",
          "dependencies": [
            "openstack_compute_keypair_v2.web_test_key_kajken",
            "openstack_compute_secgroup_v2.http_icpm_allow",
            "openstack_networking_network_v2.web_test_network"
          ]
        }
      ]
    },
    {
      "mode": "managed",
      "type": "openstack_compute_keypair_v2",
      "name": "web_test_key_kajken",
      "provider": "provider[\"registry.terraform.io/terraform-provider-openstack/openstack\"]",
      "instances": [
        {
          "schema_version": 0,
          "attributes": {
            "fingerprint": "48:c0:dc:a4:fc:1b:c3:0c:bc:98:f8:45:26:27:e7:71",
            "id": "web_test_key_kajken",
            "name": "web_test_key_kajken",
            "private_key": "",
            "public_key": "ssh-rsa AAAAB3NzaC1yc2EAAAADAQABAAABgQCx1vwWNgudq4ruH9fVY+Ts7MUFiAVc4OxedJuBA+y52omTIhi5A0omVtQFOcnC/CxRYVZTOVFSpcaUQOeQiRKChKXZkLXIbqioeiLNH+qG/JNWSPmMCz9crPK0kkZhLt/LggcOO8mcfb9Km0jaDgOn7XiyT0Fltf2yM3NcL3Kk7Xr4OO44ACdpMG4ZSV6FswePZZ5NQAYZCuFCFQKeu1ar9/mZj3AcgUWOQmJnvW9BORKptxaQ3whdK8BWSmeTCD4Eo30QRIS6HVj7C+T1UHbpiX9/6jL3xia6cG5baxdgoGtCsWm7fF7bEh9GTk4OBb77xpTBQt5AcaCJbsUxccrDwqzURymsLqZi9+4/NL4H9BOLY7uHgwBYtR0xRrs43SlmIU1GK/ku0NKoKw1ekAfifdVGgHCIcJRNuBo8LbptxRFFJDu7Izq8b4ask2iJQ1U/zAIK3U+n7fDL7HszdSKpHnAUKJa7GQ5hiEahcwO/QcPhw4l+qdv9+QaQKDIEkos= kajken@MacBook-Pro-kajken.local\n",
            "region": "",
            "value_specs": null
          },
          "sensitive_attributes": [],
          "private": "bnVsbA=="
        }
      ]
    },
    {
      "mode": "managed",
      "type": "openstack_compute_secgroup_v2",
      "name": "http_icpm_allow",
      "provider": "provider[\"registry.terraform.io/terraform-provider-openstack/openstack\"]",
      "instances": [
        {
          "schema_version": 0,
          "attributes": {
            "description": "Allow SSH and HTTP and ICMP",
            "id": "ae6b4a0a-5155-4457-968d-bb107251c124",
            "name": "http_icpm_allow",
            "region": "",
            "rule": [
              {
                "cidr": "0.0.0.0/0",
                "from_group_id": "",
                "from_port": -1,
                "id": "8950f3dc-1616-4568-af2e-89234ca9b819",
                "ip_protocol": "icmp",
                "self": false,
                "to_port": -1
              },
              {
                "cidr": "0.0.0.0/0",
                "from_group_id": "",
                "from_port": 80,
                "id": "7937ad08-cba2-4c5d-8a47-5e5e2dc322e4",
                "ip_protocol": "tcp",
                "self": false,
                "to_port": 80
              }
            ],
            "timeouts": null
          },
          "sensitive_attributes": [],
          "private": "eyJlMmJmYjczMC1lY2FhLTExZTYtOGY4OC0zNDM2M2JjN2M0YzAiOnsiZGVsZXRlIjo2MDAwMDAwMDAwMDB9fQ=="
        }
      ]
    },
    {
      "mode": "managed",
      "type": "openstack_networking_network_v2",
      "name": "web_test_network",
      "provider": "provider[\"registry.terraform.io/terraform-provider-openstack/openstack\"]",
      "instances": [
        {
          "schema_version": 0,
          "attributes": {
            "admin_state_up": true,
            "all_tags": [],
            "availability_zone_hints": [],
            "description": "",
            "dns_domain": "",
            "external": false,
            "id": "68202ab3-43d7-4d35-bebf-a88c5b86b81d",
            "mtu": 1500,
            "name": "web_test_network",
            "port_security_enabled": true,
            "qos_policy_id": "",
            "region": "",
            "segments": [],
            "shared": false,
            "tags": null,
            "tenant_id": "0c90392af75547d08de54945e00e22fe",
            "timeouts": null,
            "transparent_vlan": false,
            "value_specs": null
          },
          "sensitive_attributes": [],
          "private": "eyJlMmJmYjczMC1lY2FhLTExZTYtOGY4OC0zNDM2M2JjN2M0YzAiOnsiY3JlYXRlIjo2MDAwMDAwMDAwMDAsImRlbGV0ZSI6NjAwMDAwMDAwMDAwfX0="
        }
      ]
    },
    {
      "mode": "managed",
      "type": "openstack_networking_router_interface_v2",
      "name": "terraform",
      "provider": "provider[\"registry.terraform.io/terraform-provider-openstack/openstack\"]",
      "instances": [
        {
          "schema_version": 0,
          "attributes": {
            "id": "b0b69674-a972-46bf-90dc-8b2b02be5dbe",
            "port_id": "b0b69674-a972-46bf-90dc-8b2b02be5dbe",
            "region": "",
            "router_id": "4e7c8e12-0cf5-4d59-82c7-5d6e852b9345",
            "subnet_id": "ae67504d-0456-43b6-859f-840dd4b6d46a",
            "timeouts": null
          },
          "sensitive_attributes": [],
          "private": "eyJlMmJmYjczMC1lY2FhLTExZTYtOGY4OC0zNDM2M2JjN2M0YzAiOnsiY3JlYXRlIjo2MDAwMDAwMDAwMDAsImRlbGV0ZSI6NjAwMDAwMDAwMDAwfX0=",
          "dependencies": [
            "openstack_networking_network_v2.web_test_network",
            "openstack_networking_router_v2.web_test-router",
            "openstack_networking_subnet_v2.web_test-sbnt"
          ]
        }
      ]
    },
    {
      "mode": "managed",
      "type": "openstack_networking_router_v2",
      "name": "web_test-router",
      "provider": "provider[\"registry.terraform.io/terraform-provider-openstack/openstack\"]",
      "instances": [
        {
          "schema_version": 0,
          "attributes": {
            "admin_state_up": true,
            "all_tags": [],
            "availability_zone_hints": [],
            "description": "",
            "distributed": false,
            "enable_snat": true,
            "external_fixed_ip": [
              {
                "ip_address": "185.241.192.226",
                "subnet_id": "5a66e4b1-1676-444e-94cf-eb37ac80d464"
              }
            ],
            "external_gateway": "298117ae-3fa4-4109-9e08-8be5602be5a2",
            "external_network_id": "298117ae-3fa4-4109-9e08-8be5602be5a2",
            "id": "4e7c8e12-0cf5-4d59-82c7-5d6e852b9345",
            "name": "web_test-router",
            "region": "",
            "tags": null,
            "tenant_id": "0c90392af75547d08de54945e00e22fe",
            "timeouts": null,
            "value_specs": null,
            "vendor_options": []
          },
          "sensitive_attributes": [],
          "private": "eyJlMmJmYjczMC1lY2FhLTExZTYtOGY4OC0zNDM2M2JjN2M0YzAiOnsiY3JlYXRlIjo2MDAwMDAwMDAwMDAsImRlbGV0ZSI6NjAwMDAwMDAwMDAwfX0="
        }
      ]
    },
    {
      "mode": "managed",
      "type": "openstack_networking_subnet_v2",
      "name": "web_test-sbnt",
      "provider": "provider[\"registry.terraform.io/terraform-provider-openstack/openstack\"]",
      "instances": [
        {
          "schema_version": 0,
          "attributes": {
            "all_tags": [],
            "allocation_pool": [
              {
                "end": "10.154.1.254",
                "start": "10.154.1.2"
              }
            ],
            "allocation_pools": [
              {
                "end": "10.154.1.254",
                "start": "10.154.1.2"
              }
            ],
            "cidr": "10.154.1.0/24",
            "description": "",
            "dns_nameservers": [
              "8.8.8.8",
              "1.1.1.1"
            ],
            "enable_dhcp": true,
            "gateway_ip": "10.154.1.1",
            "host_routes": [],
            "id": "ae67504d-0456-43b6-859f-840dd4b6d46a",
            "ip_version": 4,
            "ipv6_address_mode": "",
            "ipv6_ra_mode": "",
            "name": "web_test-subnet",
            "network_id": "68202ab3-43d7-4d35-bebf-a88c5b86b81d",
            "no_gateway": false,
            "prefix_length": null,
            "region": "",
            "subnetpool_id": "",
            "tags": null,
            "tenant_id": "0c90392af75547d08de54945e00e22fe",
            "timeouts": null,
            "value_specs": null
          },
          "sensitive_attributes": [],
          "private": "eyJlMmJmYjczMC1lY2FhLTExZTYtOGY4OC0zNDM2M2JjN2M0YzAiOnsiY3JlYXRlIjo2MDAwMDAwMDAwMDAsImRlbGV0ZSI6NjAwMDAwMDAwMDAwfX0=",
          "dependencies": [
            "openstack_networking_network_v2.web_test_network"
          ]
        }
      ]
    }
  ]
}
